{
  "version": 4,
  "terraform_version": "1.14.5",
  "serial": 37,
  "lineage": "48aa34a0-0c06-ebc1-3a17-3d8c7281fc84",
  "outputs": {},
  "resources": [
    {
      "module": "module.s3_bucket.module.s3_bucket",
      "mode": "data",
      "type": "aws_caller_identity",
      "name": "current",
      "provider": "provider[\"registry.terraform.io/hashicorp/aws\"]",
      "instances": [
        {
          "schema_version": 0,
          "attributes": {
            "account_id": "673743775453",
            "arn": "arn:aws:iam::673743775453:root",
            "id": "673743775453",
            "user_id": "673743775453"
          },
          "sensitive_attributes": [],
          "identity_schema_version": 0
        }
      ]
    },
    {
      "module": "module.s3_bucket.module.s3_bucket",
      "mode": "data",
      "type": "aws_canonical_user_id",
      "name": "this",
      "provider": "provider[\"registry.terraform.io/hashicorp/aws\"]",
      "instances": [
        {
          "index_key": 0,
          "schema_version": 0,
          "attributes": {
            "display_name": "",
            "id": "a28900049b4f2edaf33f8f83f8a3254a437b0b511b2a1b0c6e01176ed8fef97b"
          },
          "sensitive_attributes": [],
          "identity_schema_version": 0
        }
      ]
    },
    {
      "module": "module.s3_bucket.module.s3_bucket",
      "mode": "data",
      "type": "aws_partition",
      "name": "current",
      "provider": "provider[\"registry.terraform.io/hashicorp/aws\"]",
      "instances": [
        {
          "schema_version": 0,
          "attributes": {
            "dns_suffix": "amazonaws.com",
            "id": "aws",
            "partition": "aws",
            "reverse_dns_prefix": "com.amazonaws"
          },
          "sensitive_attributes": [],
          "identity_schema_version": 0
        }
      ]
    },
    {
      "module": "module.s3_bucket.module.s3_bucket",
      "mode": "data",
      "type": "aws_region",
      "name": "current",
      "provider": "provider[\"registry.terraform.io/hashicorp/aws\"]",
      "instances": [
        {
          "schema_version": 0,
          "attributes": {
            "description": "Asia Pacific (Singapore)",
            "endpoint": "ec2.ap-southeast-1.amazonaws.com",
            "id": "ap-southeast-1",
            "name": "ap-southeast-1",
            "region": "ap-southeast-1"
          },
          "sensitive_attributes": [],
          "identity_schema_version": 0
        }
      ]
    },
    {
      "module": "module.s3_bucket.module.s3_bucket",
      "mode": "managed",
      "type": "aws_s3_bucket",
      "name": "this",
      "provider": "provider[\"registry.terraform.io/hashicorp/aws\"]",
      "instances": [
        {
          "index_key": 0,
          "schema_version": 0,
          "attributes": {
            "acceleration_status": "",
            "acl": null,
            "arn": "arn:aws:s3:::my-bucket-terraform-12345678910",
            "bucket": "my-bucket-terraform-12345678910",
            "bucket_domain_name": "my-bucket-terraform-12345678910.s3.amazonaws.com",
            "bucket_prefix": "",
            "bucket_region": "ap-southeast-1",
            "bucket_regional_domain_name": "my-bucket-terraform-12345678910.s3.ap-southeast-1.amazonaws.com",
            "cors_rule": [],
            "force_destroy": false,
            "grant": [
              {
                "id": "a28900049b4f2edaf33f8f83f8a3254a437b0b511b2a1b0c6e01176ed8fef97b",
                "permissions": [
                  "FULL_CONTROL"
                ],
                "type": "CanonicalUser",
                "uri": ""
              }
            ],
            "hosted_zone_id": "Z3O0J2DXBE1FTB",
            "id": "my-bucket-terraform-12345678910",
            "lifecycle_rule": [],
            "logging": [],
            "object_lock_configuration": [],
            "object_lock_enabled": false,
            "policy": "",
            "region": "ap-southeast-1",
            "replication_configuration": [],
            "request_payer": "BucketOwner",
            "server_side_encryption_configuration": [
              {
                "rule": [
                  {
                    "apply_server_side_encryption_by_default": [
                      {
                        "kms_master_key_id": "",
                        "sse_algorithm": "AES256"
                      }
                    ],
                    "bucket_key_enabled": false
                  }
                ]
              }
            ],
            "tags": null,
            "tags_all": {},
            "timeouts": null,
            "versioning": [
              {
                "enabled": false,
                "mfa_delete": false
              }
            ],
            "website": [],
            "website_domain": null,
            "website_endpoint": null
          },
          "sensitive_attributes": [],
          "identity_schema_version": 0,
          "identity": {
            "account_id": "673743775453",
            "bucket": "my-bucket-terraform-12345678910",
            "region": "ap-southeast-1"
          },
          "private": "eyJlMmJmYjczMC1lY2FhLTExZTYtOGY4OC0zNDM2M2JjN2M0YzAiOnsiY3JlYXRlIjoxMjAwMDAwMDAwMDAwLCJkZWxldGUiOjM2MDAwMDAwMDAwMDAsInJlYWQiOjEyMDAwMDAwMDAwMDAsInVwZGF0ZSI6MTIwMDAwMDAwMDAwMH19"
        }
      ]
    },
    {
      "module": "module.s3_bucket.module.s3_bucket",
      "mode": "managed",
      "type": "aws_s3_bucket_acl",
      "name": "this",
      "provider": "provider[\"registry.terraform.io/hashicorp/aws\"]",
      "instances": [
        {
          "index_key": 0,
          "schema_version": 0,
          "attributes": {
            "access_control_policy": [
              {
                "grant": [
                  {
                    "grantee": [
                      {
                        "display_name": "",
                        "email_address": "",
                        "id": "a28900049b4f2edaf33f8f83f8a3254a437b0b511b2a1b0c6e01176ed8fef97b",
                        "type": "CanonicalUser",
                        "uri": ""
                      }
                    ],
                    "permission": "FULL_CONTROL"
                  }
                ],
                "owner": [
                  {
                    "display_name": "",
                    "id": "a28900049b4f2edaf33f8f83f8a3254a437b0b511b2a1b0c6e01176ed8fef97b"
                  }
                ]
              }
            ],
            "acl": "private",
            "bucket": "my-bucket-terraform-12345678910",
            "expected_bucket_owner": "",
            "id": "my-bucket-terraform-12345678910,private",
            "region": "ap-southeast-1"
          },
          "sensitive_attributes": [],
          "identity_schema_version": 1,
          "identity": {
            "account_id": "673743775453",
            "bucket": "my-bucket-terraform-12345678910",
            "region": "ap-southeast-1"
          },
          "private": "bnVsbA==",
          "dependencies": [
            "module.s3_bucket.module.s3_bucket.aws_s3_bucket.this",
            "module.s3_bucket.module.s3_bucket.aws_s3_bucket_ownership_controls.this",
            "module.s3_bucket.module.s3_bucket.aws_s3_bucket_policy.this",
            "module.s3_bucket.module.s3_bucket.aws_s3_bucket_public_access_block.this",
            "module.s3_bucket.module.s3_bucket.aws_s3_directory_bucket.this",
            "module.s3_bucket.module.s3_bucket.data.aws_caller_identity.current",
            "module.s3_bucket.module.s3_bucket.data.aws_canonical_user_id.this",
            "module.s3_bucket.module.s3_bucket.data.aws_iam_policy_document.access_log_delivery",
            "module.s3_bucket.module.s3_bucket.data.aws_iam_policy_document.cloudtrail_log_delivery",
            "module.s3_bucket.module.s3_bucket.data.aws_iam_policy_document.combined",
            "module.s3_bucket.module.s3_bucket.data.aws_iam_policy_document.deny_incorrect_encryption_headers",
            "module.s3_bucket.module.s3_bucket.data.aws_iam_policy_document.deny_incorrect_kms_key_sse",
            "module.s3_bucket.module.s3_bucket.data.aws_iam_policy_document.deny_insecure_transport",
            "module.s3_bucket.module.s3_bucket.data.aws_iam_policy_document.deny_ssec_encrypted_object_uploads",
            "module.s3_bucket.module.s3_bucket.data.aws_iam_policy_document.deny_unencrypted_object_uploads",
            "module.s3_bucket.module.s3_bucket.data.aws_iam_policy_document.elb_log_delivery",
            "module.s3_bucket.module.s3_bucket.data.aws_iam_policy_document.inventory_and_analytics_destination_policy",
            "module.s3_bucket.module.s3_bucket.data.aws_iam_policy_document.lb_log_delivery",
            "module.s3_bucket.module.s3_bucket.data.aws_iam_policy_document.require_latest_tls",
            "module.s3_bucket.module.s3_bucket.data.aws_iam_policy_document.waf_log_delivery",
            "module.s3_bucket.module.s3_bucket.data.aws_partition.current",
            "module.s3_bucket.module.s3_bucket.data.aws_region.current"
          ]
        }
      ]
    },
    {
      "module": "module.s3_bucket.module.s3_bucket",
      "mode": "managed",
      "type": "aws_s3_bucket_ownership_controls",
      "name": "this",
      "provider": "provider[\"registry.terraform.io/hashicorp/aws\"]",
      "instances": [
        {
          "index_key": 0,
          "schema_version": 0,
          "attributes": {
            "bucket": "my-bucket-terraform-12345678910",
            "id": "my-bucket-terraform-12345678910",
            "region": "ap-southeast-1",
            "rule": [
              {
                "object_ownership": "ObjectWriter"
              }
            ]
          },
          "sensitive_attributes": [],
          "identity_schema_version": 0,
          "identity": {
            "account_id": "673743775453",
            "bucket": "my-bucket-terraform-12345678910",
            "region": "ap-southeast-1"
          },
          "private": "bnVsbA==",
          "dependencies": [
            "module.s3_bucket.module.s3_bucket.aws_s3_bucket.this",
            "module.s3_bucket.module.s3_bucket.aws_s3_bucket_policy.this",
            "module.s3_bucket.module.s3_bucket.aws_s3_bucket_public_access_block.this",
            "module.s3_bucket.module.s3_bucket.aws_s3_directory_bucket.this",
            "module.s3_bucket.module.s3_bucket.data.aws_caller_identity.current",
            "module.s3_bucket.module.s3_bucket.data.aws_iam_policy_document.access_log_delivery",
            "module.s3_bucket.module.s3_bucket.data.aws_iam_policy_document.cloudtrail_log_delivery",
            "module.s3_bucket.module.s3_bucket.data.aws_iam_policy_document.combined",
            "module.s3_bucket.module.s3_bucket.data.aws_iam_policy_document.deny_incorrect_encryption_headers",
            "module.s3_bucket.module.s3_bucket.data.aws_iam_policy_document.deny_incorrect_kms_key_sse",
            "module.s3_bucket.module.s3_bucket.data.aws_iam_policy_document.deny_insecure_transport",
            "module.s3_bucket.module.s3_bucket.data.aws_iam_policy_document.deny_ssec_encrypted_object_uploads",
            "module.s3_bucket.module.s3_bucket.data.aws_iam_policy_document.deny_unencrypted_object_uploads",
            "module.s3_bucket.module.s3_bucket.data.aws_iam_policy_document.elb_log_delivery",
            "module.s3_bucket.module.s3_bucket.data.aws_iam_policy_document.inventory_and_analytics_destination_policy",
            "module.s3_bucket.module.s3_bucket.data.aws_iam_policy_document.lb_log_delivery",
            "module.s3_bucket.module.s3_bucket.data.aws_iam_policy_document.require_latest_tls",
            "module.s3_bucket.module.s3_bucket.data.aws_iam_policy_document.waf_log_delivery",
            "module.s3_bucket.module.s3_bucket.data.aws_partition.current",
            "module.s3_bucket.module.s3_bucket.data.aws_region.current"
          ]
        }
      ]
    },
    {
      "module": "module.s3_bucket.module.s3_bucket",
      "mode": "managed",
      "type": "aws_s3_bucket_public_access_block",
      "name": "this",
      "provider": "provider[\"registry.terraform.io/hashicorp/aws\"]",
      "instances": [
        {
          "index_key": 0,
          "schema_version": 0,
          "attributes": {
            "block_public_acls": true,
            "block_public_policy": true,
            "bucket": "my-bucket-terraform-12345678910",
            "id": "my-bucket-terraform-12345678910",
            "ignore_public_acls": true,
            "region": "ap-southeast-1",
            "restrict_public_buckets": true,
            "skip_destroy": true
          },
          "sensitive_attributes": [],
          "identity_schema_version": 0,
          "identity": {
            "account_id": "673743775453",
            "bucket": "my-bucket-terraform-12345678910",
            "region": "ap-southeast-1"
          },
          "private": "bnVsbA==",
          "dependencies": [
            "module.s3_bucket.module.s3_bucket.aws_s3_bucket.this"
          ]
        }
      ]
    },
    {
      "module": "module.s3_bucket.module.s3_bucket",
      "mode": "managed",
      "type": "aws_s3_bucket_versioning",
      "name": "this",
      "provider": "provider[\"registry.terraform.io/hashicorp/aws\"]",
      "instances": [
        {
          "index_key": 0,
          "schema_version": 0,
          "attributes": {
            "bucket": "my-bucket-terraform-12345678910",
            "expected_bucket_owner": "",
            "id": "my-bucket-terraform-12345678910",
            "mfa": null,
            "region": "ap-southeast-1",
            "versioning_configuration": [
              {
                "mfa_delete": "",
                "status": "Enabled"
              }
            ]
          },
          "sensitive_attributes": [],
          "identity_schema_version": 1,
          "identity": {
            "account_id": "673743775453",
            "bucket": "my-bucket-terraform-12345678910",
            "region": "ap-southeast-1"
          },
          "private": "bnVsbA==",
          "dependencies": [
            "module.s3_bucket.module.s3_bucket.aws_s3_bucket.this"
          ]
        }
      ]
    }
  ],
  "check_results": null
}
